dependencies:
- name: postgresql
  repository: https://kubernetes-charts.storage.googleapis.com/
  version: 0.7.1
- name: redis
  repository: https://kubernetes-charts.storage.googleapis.com/
  version: 0.7.1
digest: sha256:6fdb98cb162586f08f819e282bf1e4a24c47334713a59712c215acc1a6263a6b
generated: "2019-07-12T13:54:11.086306-04:00"
